
Microsoft Visual Studio Solution File, Format Version 12.00
# Visual Studio Version 17
VisualStudioVersion = 17.11.35303.130
MinimumVisualStudioVersion = 10.0.40219.1
Project("{FAE04EC0-301F-11D3-BF4B-00C04F79EFBC}") = "quiztest", "quiztest\quiztest.csproj", "{A7321FC9-ABAB-4224-ADC5-A0517E9220E5}"
EndProject
Project("{FAE04EC0-301F-11D3-BF4B-00C04F79EFBC}") = "QuizRepository", "QuizRepository\QuizRepository.csproj", "{95D6E003-C72F-486A-9ED3-C64363B34D10}"
EndProject
Project("{FAE04EC0-301F-11D3-BF4B-00C04F79EFBC}") = "QuizModels", "QuizModels\QuizModels.csproj", "{46D3C535-FF61-4656-85A4-21B6FB700C2E}"
EndProject
Global
	GlobalSection(SolutionConfigurationPlatforms) = preSolution
		Debug|Any CPU = Debug|Any CPU
		Release|Any CPU = Release|Any CPU
	EndGlobalSection
	GlobalSection(ProjectConfigurationPlatforms) = postSolution
		{A7321FC9-ABAB-4224-ADC5-A0517E9220E5}.Debug|Any CPU.ActiveCfg = Debug|Any CPU
		{A7321FC9-ABAB-4224-ADC5-A0517E9220E5}.Debug|Any CPU.Build.0 = Debug|Any CPU
		{A7321FC9-ABAB-4224-ADC5-A0517E9220E5}.Release|Any CPU.ActiveCfg = Release|Any CPU
		{A7321FC9-ABAB-4224-ADC5-A0517E9220E5}.Release|Any CPU.Build.0 = Release|Any CPU
		{95D6E003-C72F-486A-9ED3-C64363B34D10}.Debug|Any CPU.ActiveCfg = Debug|Any CPU
		{95D6E003-C72F-486A-9ED3-C64363B34D10}.Debug|Any CPU.Build.0 = Debug|Any CPU
		{95D6E003-C72F-486A-9ED3-C64363B34D10}.Release|Any CPU.ActiveCfg = Release|Any CPU
		{95D6E003-C72F-486A-9ED3-C64363B34D10}.Release|Any CPU.Build.0 = Release|Any CPU
		{46D3C535-FF61-4656-85A4-21B6FB700C2E}.Debug|Any CPU.ActiveCfg = Debug|Any CPU
		{46D3C535-FF61-4656-85A4-21B6FB700C2E}.Debug|Any CPU.Build.0 = Debug|Any CPU
		{46D3C535-FF61-4656-85A4-21B6FB700C2E}.Release|Any CPU.ActiveCfg = Release|Any CPU
		{46D3C535-FF61-4656-85A4-21B6FB700C2E}.Release|Any CPU.Build.0 = Release|Any CPU
	EndGlobalSection
	GlobalSection(SolutionProperties) = preSolution
		HideSolutionNode = FALSE
	EndGlobalSection
	GlobalSection(ExtensibilityGlobals) = postSolution
		SolutionGuid = {73878EAB-6542-48FA-9151-E556021B3BCC}
	EndGlobalSection
EndGlobal
